
Microsoft Visual Studio Solution File, Format Version 12.00
# Visual Studio Version 17
VisualStudioVersion = 17.7.34031.279
MinimumVisualStudioVersion = 10.0.40219.1
Project("{FAE04EC0-301F-11D3-BF4B-00C04F79EFBC}") = "Yemek_Tarifi_Vize1", "Yemek_Tarifi_Vize1\Yemek_Tarifi_Vize1.csproj", "{730E2489-CCBC-430A-B980-C021E09FCC13}"
EndProject
Global
	GlobalSection(SolutionConfigurationPlatforms) = preSolution
		Debug|Any CPU = Debug|Any CPU
		Release|Any CPU = Release|Any CPU
	EndGlobalSection
	GlobalSection(ProjectConfigurationPlatforms) = postSolution
		{730E2489-CCBC-430A-B980-C021E09FCC13}.Debug|Any CPU.ActiveCfg = Debug|Any CPU
		{730E2489-CCBC-430A-B980-C021E09FCC13}.Debug|Any CPU.Build.0 = Debug|Any CPU
		{730E2489-CCBC-430A-B980-C021E09FCC13}.Release|Any CPU.ActiveCfg = Release|Any CPU
		{730E2489-CCBC-430A-B980-C021E09FCC13}.Release|Any CPU.Build.0 = Release|Any CPU
	EndGlobalSection
	GlobalSection(SolutionProperties) = preSolution
		HideSolutionNode = FALSE
	EndGlobalSection
	GlobalSection(ExtensibilityGlobals) = postSolution
		SolutionGuid = {5FDB8A6F-12CD-49ED-BEEE-3457C8148E7F}
	EndGlobalSection
EndGlobal
